{
  "nodes": {
    "adhesive": {
      "locked": {
        "lastModified": 1737839796,
        "narHash": "sha256-g1HX6w1T/EhLqBanPXkcS8ZdEpVVs5L6dJlJZUnk8P4=",
        "ref": "main",
        "rev": "b513e18d9159a62ddb76262807029b0ebb183823",
        "revCount": 2,
        "type": "git",
        "url": "ssh://git@github.com/raxl8/.dotfiles-adhesive.git"
      },
      "original": {
        "ref": "main",
        "type": "git",
        "url": "ssh://git@github.com/raxl8/.dotfiles-adhesive.git"
      }
    },
    "flake-compat": {
      "flake": false,
      "locked": {
        "lastModified": 1733328505,
        "narHash": "sha256-NeCCThCEP3eCl2l/+27kNNK7QrwZB1IJCrXfrbv5oqU=",
        "owner": "edolstra",
        "repo": "flake-compat",
        "rev": "ff81ac966bb2cae68946d5ed5fc4994f96d0ffec",
        "type": "github"
      },
      "original": {
        "owner": "edolstra",
        "repo": "flake-compat",
        "type": "github"
      }
    },
    "flake-utils": {
      "inputs": {
        "systems": [
          "systems"
        ]
      },
      "locked": {
        "lastModified": 1731533236,
        "narHash": "sha256-l0KFg5HjrsfsO/JpG+r7fRrqm12kzFHyUHqHCVpMMbI=",
        "owner": "numtide",
        "repo": "flake-utils",
        "rev": "11707dc2f618dd54ca8739b309ec4fc024de578b",
        "type": "github"
      },
      "original": {
        "owner": "numtide",
        "repo": "flake-utils",
        "type": "github"
      }
    },
    "home-manager": {
      "inputs": {
        "nixpkgs": [
          "nixpkgs"
        ]
      },
      "locked": {
        "lastModified": 1737762889,
        "narHash": "sha256-5HGG09bh/Yx0JA8wtBMAzt0HMCL1bYZ93x4IqzVExio=",
        "owner": "nix-community",
        "repo": "home-manager",
        "rev": "daf04c5950b676f47a794300657f1d3d14c1a120",
        "type": "github"
      },
      "original": {
        "owner": "nix-community",
        "ref": "master",
        "repo": "home-manager",
        "type": "github"
      }
    },
    "nixos-wsl": {
      "inputs": {
        "flake-compat": "flake-compat",
        "nixpkgs": [
          "nixpkgs"
        ]
      },
      "locked": {
        "lastModified": 1736095716,
        "narHash": "sha256-csysw/Szu98QDiA2lhWk9seYOyCebeVEWL89zh1cduM=",
        "owner": "nix-community",
        "repo": "NixOS-WSL",
        "rev": "63c3b4ed1712a3a0621002cd59bfdc80875ecbb0",
        "type": "github"
      },
      "original": {
        "owner": "nix-community",
        "ref": "main",
        "repo": "NixOS-WSL",
        "type": "github"
      }
    },
    "nixpkgs": {
      "locked": {
        "lastModified": 1737746512,
        "narHash": "sha256-nU6AezEX4EuahTO1YopzueAXfjFfmCHylYEFCagduHU=",
        "owner": "NixOS",
        "repo": "nixpkgs",
        "rev": "825479c345a7f806485b7f00dbe3abb50641b083",
        "type": "github"
      },
      "original": {
        "owner": "NixOS",
        "ref": "nixos-unstable",
        "repo": "nixpkgs",
        "type": "github"
      }
    },
    "root": {
      "inputs": {
        "adhesive": "adhesive",
        "flake-utils": "flake-utils",
        "home-manager": "home-manager",
        "nixos-wsl": "nixos-wsl",
        "nixpkgs": "nixpkgs",
        "systems": "systems"
      }
    },
    "systems": {
      "locked": {
        "lastModified": 1681028828,
        "narHash": "sha256-Vy1rq5AaRuLzOxct8nz4T6wlgyUR7zLU309k9mBC768=",
        "owner": "nix-systems",
        "repo": "default",
        "rev": "da67096a3b9bf56a91d16901293e51ba5b49a27e",
        "type": "github"
      },
      "original": {
        "owner": "nix-systems",
        "repo": "default",
        "type": "github"
      }
    }
  },
  "root": "root",
  "version": 7
}
